{
  "name": "fakename",
  "lockfileVersion": 3,
  "requires": true,
  "packages": {
    "": {
      "dependencies": {
        "gerador-nomes-fiap": "^1.0.1"
      }
    },
    "node_modules/gerador-nomes-fiap": {
      "version": "1.0.1",
      "resolved": "https://registry.npmjs.org/gerador-nomes-fiap/-/gerador-nomes-fiap-1.0.1.tgz",
      "integrity": "sha512-01VyEOwa1nUC08TmZI1yXD9fNCPJIGbpxtKOoVE3/EiJDwl5WZB2V0ny9rzWF+mOI4cxiO0d+mQIw/ywxYW6/A==",
      "license": "ISC"
    }
  }
}
